{
  "README.md:2369785364": [
    [269, 10, 27, "Style/ClassMethodsDefinitions: Use `class << self` to define a class method.", 2226893134],
    [272, 3, 37, "Style/ClassMethodsDefinitions: Use `class << self` to define a class method.", 4163348045],
    [276, 3, 37, "Style/ClassMethodsDefinitions: Use `class << self` to define a class method.", 2420123939],
    [280, 3, 45, "Style/ClassMethodsDefinitions: Use `class << self` to define a class method.", 3568969579],
    [294, 3, 43, "Style/ClassMethodsDefinitions: Use `class << self` to define a class method.", 235184892],
    [405, 12, 27, "Style/ClassMethodsDefinitions: Use `class << self` to define a class method.", 2226893134],
    [408, 3, 37, "Style/ClassMethodsDefinitions: Use `class << self` to define a class method.", 4163348045],
    [412, 3, 37, "Style/ClassMethodsDefinitions: Use `class << self` to define a class method.", 2420123939],
    [416, 3, 45, "Style/ClassMethodsDefinitions: Use `class << self` to define a class method.", 3568969579],
    [429, 3, 45, "Style/ClassMethodsDefinitions: Use `class << self` to define a class method.", 637514124]
  ],
  "bin/bundle:1543177218": [
    [63, 5, 20, "ThreadSafety/ClassInstanceVariable: Avoid class instance variables.", 2485198147]
  ],
  "lib/debug_logging.rb:99879826": [
    [121, 5, 42, "ThreadSafety/ClassAndModuleAttributes: Avoid mutating class and module attributes.", 1265699560]
  ],
  "lib/debug_logging/argument_printer.rb:1736755237": [
    [11, 7, 49, "Style/UnlessLogicalOperators: Do not use mixed logical operators in an `unless`.", 24710009],
    [66, 7, 49, "Style/UnlessLogicalOperators: Do not use mixed logical operators in an `unless`.", 24710009]
  ],
  "lib/debug_logging/finalize.rb:2519216288": [
    [5, 5, 299, "Style/ClassMethodsDefinitions: Use `class << self` to define a class method.", 2506770293]
  ],
  "lib/debug_logging/log_subscriber.rb:2124920356": [
    [10, 7, 20, "ThreadSafety/ClassAndModuleAttributes: Avoid mutating class and module attributes.", 1853072198],
    [16, 5, 368, "Style/ClassMethodsDefinitions: Use `class << self` to define a class method.", 479488482],
    [17, 7, 6, "ThreadSafety/ClassInstanceVariable: Avoid class instance variables.", 2741946345],
    [28, 5, 570, "Style/ClassMethodsDefinitions: Use `class << self` to define a class method.", 4277533184]
  ],
  "spec/debug_logging/argument_printer_spec.rb:2929005244": [
    [70, 33, 35, "Style/DateTime: Prefer `Time` over `DateTime`.", 2193634500],
    [114, 33, 35, "Style/DateTime: Prefer `Time` over `DateTime`.", 2193634500],
    [265, 13, 23, "RSpec/ContextWording: Context description should match /^when\\b/, /^with\\b/, or /^without\\b/.", 2254666317]
  ],
  "spec/debug_logging/class_logger_spec.rb:1594396456": [
    [4, 11, 14, "RSpec/ContextWording: Context description should match /^when\\b/, /^with\\b/, or /^without\\b/.", 3715557109],
    [54, 11, 25, "RSpec/ContextWording: Context description should match /^when\\b/, /^with\\b/, or /^without\\b/.", 979372993]
  ],
  "spec/debug_logging/class_notifier_spec.rb:1827760297": [
    [86, 11, 27, "RSpec/ContextWording: Context description should match /^when\\b/, /^with\\b/, or /^without\\b/.", 816374769]
  ],
  "spec/debug_logging/configuration_spec.rb:1860763894": [
    [5, 11, 8, "RSpec/ContextWording: Context description should match /^when\\b/, /^with\\b/, or /^without\\b/.", 4105806927],
    [6, 13, 25, "RSpec/ContextWording: Context description should match /^when\\b/, /^with\\b/, or /^without\\b/.", 3996754496],
    [8, 17, 18, "RSpec/ContextWording: Context description should match /^when\\b/, /^with\\b/, or /^without\\b/.", 3701803727],
    [21, 71, 2, "RSpec/BeEq: Prefer `be` over `eq`.", 5860785],
    [22, 69, 2, "RSpec/BeEq: Prefer `be` over `eq`.", 5860785],
    [23, 80, 2, "RSpec/BeEq: Prefer `be` over `eq`.", 5860785],
    [24, 78, 2, "RSpec/BeEq: Prefer `be` over `eq`.", 5860785],
    [25, 81, 2, "RSpec/BeEq: Prefer `be` over `eq`.", 5860785],
    [26, 79, 2, "RSpec/BeEq: Prefer `be` over `eq`.", 5860785],
    [33, 80, 2, "RSpec/BeEq: Prefer `be` over `eq`.", 5860785],
    [34, 81, 2, "RSpec/BeEq: Prefer `be` over `eq`.", 5860785],
    [67, 17, 23, "RSpec/ContextWording: Context description should match /^when\\b/, /^with\\b/, or /^without\\b/.", 158925921],
    [96, 17, 15, "RSpec/ContextWording: Context description should match /^when\\b/, /^with\\b/, or /^without\\b/.", 2331430472],
    [107, 68, 2, "RSpec/BeEq: Prefer `be` over `eq`.", 5860785],
    [108, 69, 2, "RSpec/BeEq: Prefer `be` over `eq`.", 5860785],
    [109, 70, 2, "RSpec/BeEq: Prefer `be` over `eq`.", 5860785],
    [110, 71, 2, "RSpec/BeEq: Prefer `be` over `eq`.", 5860785],
    [111, 69, 2, "RSpec/BeEq: Prefer `be` over `eq`.", 5860785],
    [112, 70, 2, "RSpec/BeEq: Prefer `be` over `eq`.", 5860785],
    [133, 17, 20, "RSpec/ContextWording: Context description should match /^when\\b/, /^with\\b/, or /^without\\b/.", 2537135622],
    [166, 13, 18, "RSpec/ContextWording: Context description should match /^when\\b/, /^with\\b/, or /^without\\b/.", 4003083142],
    [167, 15, 13, "RSpec/ContextWording: Context description should match /^when\\b/, /^with\\b/, or /^without\\b/.", 3713565257],
    [182, 71, 2, "RSpec/BeEq: Prefer `be` over `eq`.", 5860785],
    [183, 69, 2, "RSpec/BeEq: Prefer `be` over `eq`.", 5860785],
    [188, 70, 2, "RSpec/BeEq: Prefer `be` over `eq`.", 5860785],
    [189, 68, 2, "RSpec/BeEq: Prefer `be` over `eq`.", 5860785],
    [194, 77, 2, "RSpec/BeEq: Prefer `be` over `eq`.", 5860785],
    [195, 75, 2, "RSpec/BeEq: Prefer `be` over `eq`.", 5860785],
    [200, 79, 2, "RSpec/BeEq: Prefer `be` over `eq`.", 5860785],
    [201, 77, 2, "RSpec/BeEq: Prefer `be` over `eq`.", 5860785],
    [206, 90, 2, "RSpec/BeEq: Prefer `be` over `eq`.", 5860785],
    [207, 88, 2, "RSpec/BeEq: Prefer `be` over `eq`.", 5860785],
    [257, 15, 18, "RSpec/ContextWording: Context description should match /^when\\b/, /^with\\b/, or /^without\\b/.", 3701803727],
    [266, 78, 2, "RSpec/BeEq: Prefer `be` over `eq`.", 5860785],
    [267, 76, 2, "RSpec/BeEq: Prefer `be` over `eq`.", 5860785],
    [268, 79, 2, "RSpec/BeEq: Prefer `be` over `eq`.", 5860785],
    [269, 77, 2, "RSpec/BeEq: Prefer `be` over `eq`.", 5860785],
    [301, 15, 15, "RSpec/ContextWording: Context description should match /^when\\b/, /^with\\b/, or /^without\\b/.", 2331430472],
    [310, 68, 2, "RSpec/BeEq: Prefer `be` over `eq`.", 5860785],
    [311, 69, 2, "RSpec/BeEq: Prefer `be` over `eq`.", 5860785],
    [312, 67, 2, "RSpec/BeEq: Prefer `be` over `eq`.", 5860785],
    [313, 68, 2, "RSpec/BeEq: Prefer `be` over `eq`.", 5860785],
    [335, 13, 19, "RSpec/ContextWording: Context description should match /^when\\b/, /^with\\b/, or /^without\\b/.", 2890930199],
    [413, 11, 90, "RSpec/LeakyConstantDeclaration: Stub constant instead of declaring explicitly.", 2259579571],
    [414, 11, 103, "RSpec/LeakyConstantDeclaration: Stub constant instead of declaring explicitly.", 87633276],
    [415, 11, 90, "RSpec/LeakyConstantDeclaration: Stub constant instead of declaring explicitly.", 4037209209],
    [416, 11, 103, "RSpec/LeakyConstantDeclaration: Stub constant instead of declaring explicitly.", 1761849462],
    [491, 15, 28, "RSpec/ContextWording: Context description should match /^when\\b/, /^with\\b/, or /^without\\b/.", 1829714634],
    [605, 88, 2, "RSpec/BeEq: Prefer `be` over `eq`.", 5860785],
    [608, 88, 2, "RSpec/BeEq: Prefer `be` over `eq`.", 5860785],
    [611, 88, 2, "RSpec/BeEq: Prefer `be` over `eq`.", 5860785],
    [614, 88, 2, "RSpec/BeEq: Prefer `be` over `eq`.", 5860785],
    [618, 90, 2, "RSpec/BeEq: Prefer `be` over `eq`.", 5860785],
    [621, 90, 2, "RSpec/BeEq: Prefer `be` over `eq`.", 5860785],
    [624, 90, 2, "RSpec/BeEq: Prefer `be` over `eq`.", 5860785],
    [627, 90, 2, "RSpec/BeEq: Prefer `be` over `eq`.", 5860785],
    [631, 86, 2, "RSpec/BeEq: Prefer `be` over `eq`.", 5860785],
    [634, 86, 2, "RSpec/BeEq: Prefer `be` over `eq`.", 5860785],
    [637, 86, 2, "RSpec/BeEq: Prefer `be` over `eq`.", 5860785],
    [640, 86, 2, "RSpec/BeEq: Prefer `be` over `eq`.", 5860785],
    [645, 15, 18, "RSpec/ContextWording: Context description should match /^when\\b/, /^with\\b/, or /^without\\b/.", 3701803727],
    [647, 79, 2, "RSpec/BeEq: Prefer `be` over `eq`.", 5860785],
    [648, 77, 2, "RSpec/BeEq: Prefer `be` over `eq`.", 5860785],
    [649, 78, 2, "RSpec/BeEq: Prefer `be` over `eq`.", 5860785],
    [650, 76, 2, "RSpec/BeEq: Prefer `be` over `eq`.", 5860785],
    [702, 15, 15, "RSpec/ContextWording: Context description should match /^when\\b/, /^with\\b/, or /^without\\b/.", 2331430472],
    [711, 68, 2, "RSpec/BeEq: Prefer `be` over `eq`.", 5860785],
    [712, 69, 2, "RSpec/BeEq: Prefer `be` over `eq`.", 5860785],
    [713, 67, 2, "RSpec/BeEq: Prefer `be` over `eq`.", 5860785],
    [714, 68, 2, "RSpec/BeEq: Prefer `be` over `eq`.", 5860785],
    [748, 13, 21, "RSpec/ContextWording: Context description should match /^when\\b/, /^with\\b/, or /^without\\b/.", 1866918363],
    [749, 15, 20, "RSpec/ContextWording: Context description should match /^when\\b/, /^with\\b/, or /^without\\b/.", 3206364855],
    [773, 15, 23, "RSpec/ContextWording: Context description should match /^when\\b/, /^with\\b/, or /^without\\b/.", 530845392],
    [804, 13, 22, "RSpec/ContextWording: Context description should match /^when\\b/, /^with\\b/, or /^without\\b/.", 445160347],
    [805, 15, 20, "RSpec/ContextWording: Context description should match /^when\\b/, /^with\\b/, or /^without\\b/.", 3206364855],
    [855, 15, 23, "RSpec/ContextWording: Context description should match /^when\\b/, /^with\\b/, or /^without\\b/.", 530845392],
    [912, 13, 22, "RSpec/ContextWording: Context description should match /^when\\b/, /^with\\b/, or /^without\\b/.", 3562556298],
    [964, 13, 17, "RSpec/ContextWording: Context description should match /^when\\b/, /^with\\b/, or /^without\\b/.", 1304445034],
    [1018, 13, 21, "RSpec/ContextWording: Context description should match /^when\\b/, /^with\\b/, or /^without\\b/.", 3671683799],
    [1043, 13, 18, "RSpec/ContextWording: Context description should match /^when\\b/, /^with\\b/, or /^without\\b/.", 3273722992],
    [1062, 13, 19, "RSpec/ContextWording: Context description should match /^when\\b/, /^with\\b/, or /^without\\b/.", 2529667753],
    [1063, 15, 11, "RSpec/ContextWording: Context description should match /^when\\b/, /^with\\b/, or /^without\\b/.", 535689898],
    [1064, 17, 27, "RSpec/ContextWording: Context description should match /^when\\b/, /^with\\b/, or /^without\\b/.", 4195738085],
    [1084, 17, 28, "RSpec/ContextWording: Context description should match /^when\\b/, /^with\\b/, or /^without\\b/.", 1548875630],
    [1104, 17, 27, "RSpec/ContextWording: Context description should match /^when\\b/, /^with\\b/, or /^without\\b/.", 4191022781],
    [1125, 15, 10, "RSpec/ContextWording: Context description should match /^when\\b/, /^with\\b/, or /^without\\b/.", 1346353132],
    [1126, 17, 27, "RSpec/ContextWording: Context description should match /^when\\b/, /^with\\b/, or /^without\\b/.", 4195738085],
    [1152, 17, 28, "RSpec/ContextWording: Context description should match /^when\\b/, /^with\\b/, or /^without\\b/.", 1548875630],
    [1178, 17, 27, "RSpec/ContextWording: Context description should match /^when\\b/, /^with\\b/, or /^without\\b/.", 4191022781]
  ],
  "spec/debug_logging/hooks_spec.rb:1861646418": [
    [95, 11, 68, "Style/ClassMethodsDefinitions: Use `class << self` to define a class method.", 197593698],
    [207, 7, 488, "RSpec/NoExpectationExample: No expectation found in this example.", 822639325]
  ],
  "spec/debug_logging/util_spec.rb:1892549499": [
    [4, 11, 55, "RSpec/ContextWording: Context description should match /^when\\b/, /^with\\b/, or /^without\\b/.", 2011841710],
    [47, 33, 35, "Style/DateTime: Prefer `Time` over `DateTime`.", 2193634500]
  ],
  "spec/debug_logging_spec.rb:2514057238": [
    [27, 13, 10, "RSpec/ContextWording: Context description should match /^when\\b/, /^with\\b/, or /^without\\b/.", 2985534741],
    [36, 56, 2, "RSpec/BeEq: Prefer `be` over `eq`.", 5860785],
    [141, 58, 2, "RSpec/BeEq: Prefer `be` over `eq`.", 5860785],
    [143, 58, 2, "RSpec/BeEq: Prefer `be` over `eq`.", 5860785],
    [155, 57, 2, "RSpec/BeEq: Prefer `be` over `eq`.", 5860785],
    [169, 57, 2, "RSpec/BeEq: Prefer `be` over `eq`.", 5860785],
    [197, 57, 2, "RSpec/BeEq: Prefer `be` over `eq`.", 5860785],
    [199, 57, 2, "RSpec/BeEq: Prefer `be` over `eq`.", 5860785],
    [211, 54, 2, "RSpec/BeEq: Prefer `be` over `eq`.", 5860785],
    [213, 54, 2, "RSpec/BeEq: Prefer `be` over `eq`.", 5860785],
    [225, 64, 2, "RSpec/BeEq: Prefer `be` over `eq`.", 5860785],
    [227, 64, 2, "RSpec/BeEq: Prefer `be` over `eq`.", 5860785],
    [239, 63, 2, "RSpec/BeEq: Prefer `be` over `eq`.", 5860785],
    [241, 63, 2, "RSpec/BeEq: Prefer `be` over `eq`.", 5860785],
    [253, 55, 2, "RSpec/BeEq: Prefer `be` over `eq`.", 5860785],
    [255, 55, 2, "RSpec/BeEq: Prefer `be` over `eq`.", 5860785]
  ],
  "spec/support/shared_context.rb:830301028": [
    [24, 3, 725, "RSpec/LeakyConstantDeclaration: Stub class constant instead of declaring explicitly.", 3294572711],
    [49, 3, 323, "RSpec/LeakyConstantDeclaration: Stub class constant instead of declaring explicitly.", 3200438956],
    [54, 12, 40, "Style/ClassMethodsDefinitions: Use `class << self` to define a class method.", 2619885954],
    [77, 14, 45, "Style/ClassMethodsDefinitions: Use `class << self` to define a class method.", 202879635],
    [92, 16, 45, "Style/ClassMethodsDefinitions: Use `class << self` to define a class method.", 202875572],
    [233, 14, 31, "Style/ClassMethodsDefinitions: Use `class << self` to define a class method.", 2962178874],
    [236, 7, 51, "Style/ClassMethodsDefinitions: Use `class << self` to define a class method.", 3518949825],
    [240, 7, 52, "Style/ClassMethodsDefinitions: Use `class << self` to define a class method.", 504708605],
    [244, 7, 53, "Style/ClassMethodsDefinitions: Use `class << self` to define a class method.", 639067958],
    [248, 7, 54, "Style/ClassMethodsDefinitions: Use `class << self` to define a class method.", 4212652234],
    [252, 7, 53, "Style/ClassMethodsDefinitions: Use `class << self` to define a class method.", 290263610],
    [256, 7, 54, "Style/ClassMethodsDefinitions: Use `class << self` to define a class method.", 2740588358],
    [267, 7, 42, "Style/ClassMethodsDefinitions: Use `class << self` to define a class method.", 1400360963],
    [331, 14, 31, "Style/ClassMethodsDefinitions: Use `class << self` to define a class method.", 2962178874],
    [334, 7, 51, "Style/ClassMethodsDefinitions: Use `class << self` to define a class method.", 3518949825],
    [338, 7, 52, "Style/ClassMethodsDefinitions: Use `class << self` to define a class method.", 504708605],
    [342, 7, 53, "Style/ClassMethodsDefinitions: Use `class << self` to define a class method.", 639067958],
    [346, 7, 54, "Style/ClassMethodsDefinitions: Use `class << self` to define a class method.", 4212652234],
    [350, 7, 53, "Style/ClassMethodsDefinitions: Use `class << self` to define a class method.", 290263610],
    [354, 7, 54, "Style/ClassMethodsDefinitions: Use `class << self` to define a class method.", 2740588358],
    [365, 7, 42, "Style/ClassMethodsDefinitions: Use `class << self` to define a class method.", 1400360963],
    [432, 16, 31, "Style/ClassMethodsDefinitions: Use `class << self` to define a class method.", 2962178874],
    [534, 14, 31, "Style/ClassMethodsDefinitions: Use `class << self` to define a class method.", 2962178874],
    [537, 7, 51, "Style/ClassMethodsDefinitions: Use `class << self` to define a class method.", 3518949825],
    [541, 7, 52, "Style/ClassMethodsDefinitions: Use `class << self` to define a class method.", 504708605],
    [551, 7, 42, "Style/ClassMethodsDefinitions: Use `class << self` to define a class method.", 1400360963],
    [570, 16, 31, "Style/ClassMethodsDefinitions: Use `class << self` to define a class method.", 2962178874],
    [573, 7, 51, "Style/ClassMethodsDefinitions: Use `class << self` to define a class method.", 3518949825],
    [577, 7, 52, "Style/ClassMethodsDefinitions: Use `class << self` to define a class method.", 504708605],
    [581, 7, 42, "Style/ClassMethodsDefinitions: Use `class << self` to define a class method.", 1400360963]
  ]
}
